
Microsoft Visual Studio Solution File, Format Version 12.00
# Visual Studio Version 16
VisualStudioVersion = 16.0.32407.337
MinimumVisualStudioVersion = 10.0.40219.1
Project("{FAE04EC0-301F-11D3-BF4B-00C04F79EFBC}") = "BEVuelosAlways", "BEVuelosAlways\BEVuelosAlways.csproj", "{A2041CBE-E7B9-43F6-9EA9-05310BE1CB77}"
EndProject
Global
	GlobalSection(SolutionConfigurationPlatforms) = preSolution
		Debug|Any CPU = Debug|Any CPU
		Release|Any CPU = Release|Any CPU
	EndGlobalSection
	GlobalSection(ProjectConfigurationPlatforms) = postSolution
		{A2041CBE-E7B9-43F6-9EA9-05310BE1CB77}.Debug|Any CPU.ActiveCfg = Debug|Any CPU
		{A2041CBE-E7B9-43F6-9EA9-05310BE1CB77}.Debug|Any CPU.Build.0 = Debug|Any CPU
		{A2041CBE-E7B9-43F6-9EA9-05310BE1CB77}.Release|Any CPU.ActiveCfg = Release|Any CPU
		{A2041CBE-E7B9-43F6-9EA9-05310BE1CB77}.Release|Any CPU.Build.0 = Release|Any CPU
	EndGlobalSection
	GlobalSection(SolutionProperties) = preSolution
		HideSolutionNode = FALSE
	EndGlobalSection
	GlobalSection(ExtensibilityGlobals) = postSolution
		SolutionGuid = {0828BCE5-AE5F-42AC-85AF-B0AD53342ACE}
	EndGlobalSection
EndGlobal
